
Microsoft Visual Studio Solution File, Format Version 12.00
# Visual Studio Version 17
VisualStudioVersion = 17.4.33403.182
MinimumVisualStudioVersion = 10.0.40219.1
Project("{8BC9CEB8-8B4A-11D0-8D11-00A0C91BC942}") = "SampleProject", "Projects\SampleProject\SampleProject.vcxproj", "{A3C3B1E9-ACF0-4A05-916B-22A847A3528B}"
EndProject
Project("{8BC9CEB8-8B4A-11D0-8D11-00A0C91BC942}") = "DoveEngine", "DoveEngine.vcxproj", "{A6A0A7D9-142A-441F-BF18-6649AB16CF9D}"
EndProject   
Project("{8BC9CEB8-8B4A-11D0-8D11-00A0C91BC942}") = "DoveEngineEditor", "DoveEngineEditor\DoveEngineEditor.vcxproj", "{7F737991-4072-434B-A3D8-1B80D0ACF7D9}"
EndProject
Global
	GlobalSection(SolutionConfigurationPlatforms) = preSolution
		Debug|x64 = Debug|x64
		Debug|x86 = Debug|x86
		Release|x64 = Release|x64
		Release|x86 = Release|x86
	EndGlobalSection
	GlobalSection(ProjectConfigurationPlatforms) = postSolution
		{A6A0A7D9-142A-441F-BF18-6649AB16CF9D}.Debug|x64.ActiveCfg = Debug|x64
		{A6A0A7D9-142A-441F-BF18-6649AB16CF9D}.Debug|x64.Build.0 = Debug|x64
		{A6A0A7D9-142A-441F-BF18-6649AB16CF9D}.Debug|x86.ActiveCfg = Debug|Win32
		{A6A0A7D9-142A-441F-BF18-6649AB16CF9D}.Debug|x86.Build.0 = Debug|Win32
		{A6A0A7D9-142A-441F-BF18-6649AB16CF9D}.Release|x64.ActiveCfg = Release|x64
		{A6A0A7D9-142A-441F-BF18-6649AB16CF9D}.Release|x64.Build.0 = Release|x64
		{A6A0A7D9-142A-441F-BF18-6649AB16CF9D}.Release|x86.ActiveCfg = Release|Win32
		{A6A0A7D9-142A-441F-BF18-6649AB16CF9D}.Release|x86.Build.0 = Release|Win32
		{A3C3B1E9-ACF0-4A05-916B-22A847A3528B}.Debug|x64.ActiveCfg = Debug|x64
		{A3C3B1E9-ACF0-4A05-916B-22A847A3528B}.Debug|x64.Build.0 = Debug|x64
		{A3C3B1E9-ACF0-4A05-916B-22A847A3528B}.Debug|x86.ActiveCfg = Debug|Win32
		{A3C3B1E9-ACF0-4A05-916B-22A847A3528B}.Debug|x86.Build.0 = Debug|Win32
		{A3C3B1E9-ACF0-4A05-916B-22A847A3528B}.Release|x64.ActiveCfg = Release|x64
		{A3C3B1E9-ACF0-4A05-916B-22A847A3528B}.Release|x64.Build.0 = Release|x64
		{A3C3B1E9-ACF0-4A05-916B-22A847A3528B}.Release|x86.ActiveCfg = Release|Win32
		{A3C3B1E9-ACF0-4A05-916B-22A847A3528B}.Release|x86.Build.0 = Release|Win32
		{7F737991-4072-434B-A3D8-1B80D0ACF7D9}.Debug|x64.ActiveCfg = Debug|x64
		{7F737991-4072-434B-A3D8-1B80D0ACF7D9}.Debug|x64.Build.0 = Debug|x64
		{7F737991-4072-434B-A3D8-1B80D0ACF7D9}.Debug|x86.ActiveCfg = Debug|Win32
		{7F737991-4072-434B-A3D8-1B80D0ACF7D9}.Debug|x86.Build.0 = Debug|Win32
		{7F737991-4072-434B-A3D8-1B80D0ACF7D9}.Release|x64.ActiveCfg = Release|x64
		{7F737991-4072-434B-A3D8-1B80D0ACF7D9}.Release|x64.Build.0 = Release|x64
		{7F737991-4072-434B-A3D8-1B80D0ACF7D9}.Release|x86.ActiveCfg = Release|Win32
		{7F737991-4072-434B-A3D8-1B80D0ACF7D9}.Release|x86.Build.0 = Release|Win32
	EndGlobalSection
	GlobalSection(SolutionProperties) = preSolution
		HideSolutionNode = FALSE
	EndGlobalSection
	GlobalSection(ExtensibilityGlobals) = postSolution
		SolutionGuid = {1B663270-7944-49E6-B79A-0E34BF7D270D}
	EndGlobalSection
EndGlobal
